// !$*UTF8*$!
{
	archiveVersion = 1;
	classes = {
	};
	objectVersion = 50;
	objects = {

/* Begin PBXBuildFile section */
		231D303024DB0AC1009D470B /* AppDelegate.swift in Sources */ = {isa = PBXBuildFile; fileRef = 231D302F24DB0AC1009D470B /* AppDelegate.swift */; };
		231D303224DB0AC1009D470B /* SceneDelegate.swift in Sources */ = {isa = PBXBuildFile; fileRef = 231D303124DB0AC1009D470B /* SceneDelegate.swift */; };
		231D303724DB0AC1009D470B /* Main.storyboard in Resources */ = {isa = PBXBuildFile; fileRef = 231D303524DB0AC1009D470B /* Main.storyboard */; };
		231D303924DB0AC5009D470B /* Assets.xcassets in Resources */ = {isa = PBXBuildFile; fileRef = 231D303824DB0AC5009D470B /* Assets.xcassets */; };
		231D303C24DB0AC5009D470B /* LaunchScreen.storyboard in Resources */ = {isa = PBXBuildFile; fileRef = 231D303A24DB0AC5009D470B /* LaunchScreen.storyboard */; };
		231D304A24DB0BEC009D470B /* MainVC.swift in Sources */ = {isa = PBXBuildFile; fileRef = 231D304924DB0BEC009D470B /* MainVC.swift */; };
		231D304C24DB0DA0009D470B /* DropShadow.swift in Sources */ = {isa = PBXBuildFile; fileRef = 231D304B24DB0DA0009D470B /* DropShadow.swift */; };
		231D304E24DB0E68009D470B /* HeaderView.swift in Sources */ = {isa = PBXBuildFile; fileRef = 231D304D24DB0E68009D470B /* HeaderView.swift */; };
		231D305024DB10D4009D470B /* Taco.swift in Sources */ = {isa = PBXBuildFile; fileRef = 231D304F24DB10D4009D470B /* Taco.swift */; };
		231D305224DB143A009D470B /* DataService.swift in Sources */ = {isa = PBXBuildFile; fileRef = 231D305124DB143A009D470B /* DataService.swift */; };
		231D305524DB1723009D470B /* TacoCell.swift in Sources */ = {isa = PBXBuildFile; fileRef = 231D305324DB1723009D470B /* TacoCell.swift */; };
		231D305624DB1723009D470B /* TacoCell.xib in Resources */ = {isa = PBXBuildFile; fileRef = 231D305424DB1723009D470B /* TacoCell.xib */; };
		231D305824DB24FA009D470B /* ReuseableView.swift in Sources */ = {isa = PBXBuildFile; fileRef = 231D305724DB24FA009D470B /* ReuseableView.swift */; };
		231D305A24DB25C5009D470B /* NibLoadableView.swift in Sources */ = {isa = PBXBuildFile; fileRef = 231D305924DB25C5009D470B /* NibLoadableView.swift */; };
		231D305C24DB2756009D470B /* UICollectionViewExt.swift in Sources */ = {isa = PBXBuildFile; fileRef = 231D305B24DB2756009D470B /* UICollectionViewExt.swift */; };
		231D305E24DB2C54009D470B /* MutableCollectionExt.swift in Sources */ = {isa = PBXBuildFile; fileRef = 231D305D24DB2C54009D470B /* MutableCollectionExt.swift */; };
		231D306024DB2F4E009D470B /* Shakable.swift in Sources */ = {isa = PBXBuildFile; fileRef = 231D305F24DB2F4E009D470B /* Shakable.swift */; };
/* End PBXBuildFile section */

/* Begin PBXFileReference section */
		231D302C24DB0AC1009D470B /* TacoPOP.app */ = {isa = PBXFileReference; explicitFileType = wrapper.application; includeInIndex = 0; path = TacoPOP.app; sourceTree = BUILT_PRODUCTS_DIR; };
		231D302F24DB0AC1009D470B /* AppDelegate.swift */ = {isa = PBXFileReference; lastKnownFileType = sourcecode.swift; path = AppDelegate.swift; sourceTree = "<group>"; };
		231D303124DB0AC1009D470B /* SceneDelegate.swift */ = {isa = PBXFileReference; lastKnownFileType = sourcecode.swift; path = SceneDelegate.swift; sourceTree = "<group>"; };
		231D303624DB0AC1009D470B /* Base */ = {isa = PBXFileReference; lastKnownFileType = file.storyboard; name = Base; path = Base.lproj/Main.storyboard; sourceTree = "<group>"; };
		231D303824DB0AC5009D470B /* Assets.xcassets */ = {isa = PBXFileReference; lastKnownFileType = folder.assetcatalog; path = Assets.xcassets; sourceTree = "<group>"; };
		231D303B24DB0AC5009D470B /* Base */ = {isa = PBXFileReference; lastKnownFileType = file.storyboard; name = Base; path = Base.lproj/LaunchScreen.storyboard; sourceTree = "<group>"; };
		231D303D24DB0AC5009D470B /* Info.plist */ = {isa = PBXFileReference; lastKnownFileType = text.plist.xml; path = Info.plist; sourceTree = "<group>"; };
		231D304924DB0BEC009D470B /* MainVC.swift */ = {isa = PBXFileReference; lastKnownFileType = sourcecode.swift; path = MainVC.swift; sourceTree = "<group>"; };
		231D304B24DB0DA0009D470B /* DropShadow.swift */ = {isa = PBXFileReference; lastKnownFileType = sourcecode.swift; path = DropShadow.swift; sourceTree = "<group>"; };
		231D304D24DB0E68009D470B /* HeaderView.swift */ = {isa = PBXFileReference; lastKnownFileType = sourcecode.swift; path = HeaderView.swift; sourceTree = "<group>"; };
		231D304F24DB10D4009D470B /* Taco.swift */ = {isa = PBXFileReference; lastKnownFileType = sourcecode.swift; path = Taco.swift; sourceTree = "<group>"; };
		231D305124DB143A009D470B /* DataService.swift */ = {isa = PBXFileReference; lastKnownFileType = sourcecode.swift; path = DataService.swift; sourceTree = "<group>"; };
		231D305324DB1723009D470B /* TacoCell.swift */ = {isa = PBXFileReference; lastKnownFileType = sourcecode.swift; path = TacoCell.swift; sourceTree = "<group>"; };
		231D305424DB1723009D470B /* TacoCell.xib */ = {isa = PBXFileReference; lastKnownFileType = file.xib; path = TacoCell.xib; sourceTree = "<group>"; };
		231D305724DB24FA009D470B /* ReuseableView.swift */ = {isa = PBXFileReference; lastKnownFileType = sourcecode.swift; path = ReuseableView.swift; sourceTree = "<group>"; };
		231D305924DB25C5009D470B /* NibLoadableView.swift */ = {isa = PBXFileReference; lastKnownFileType = sourcecode.swift; path = NibLoadableView.swift; sourceTree = "<group>"; };
		231D305B24DB2756009D470B /* UICollectionViewExt.swift */ = {isa = PBXFileReference; lastKnownFileType = sourcecode.swift; path = UICollectionViewExt.swift; sourceTree = "<group>"; };
		231D305D24DB2C54009D470B /* MutableCollectionExt.swift */ = {isa = PBXFileReference; lastKnownFileType = sourcecode.swift; path = MutableCollectionExt.swift; sourceTree = "<group>"; };
		231D305F24DB2F4E009D470B /* Shakable.swift */ = {isa = PBXFileReference; lastKnownFileType = sourcecode.swift; path = Shakable.swift; sourceTree = "<group>"; };
/* End PBXFileReference section */

/* Begin PBXFrameworksBuildPhase section */
		231D302924DB0AC1009D470B /* Frameworks */ = {
			isa = PBXFrameworksBuildPhase;
			buildActionMask = 2147483647;
			files = (
			);
			runOnlyForDeploymentPostprocessing = 0;
		};
/* End PBXFrameworksBuildPhase section */

/* Begin PBXGroup section */
		231D302324DB0AC1009D470B = {
			isa = PBXGroup;
			children = (
				231D302E24DB0AC1009D470B /* TacoPOP */,
				231D302D24DB0AC1009D470B /* Products */,
			);
			sourceTree = "<group>";
		};
		231D302D24DB0AC1009D470B /* Products */ = {
			isa = PBXGroup;
			children = (
				231D302C24DB0AC1009D470B /* TacoPOP.app */,
			);
			name = Products;
			sourceTree = "<group>";
		};
		231D302E24DB0AC1009D470B /* TacoPOP */ = {
			isa = PBXGroup;
			children = (
				231D304324DB0B32009D470B /* Model */,
				231D304424DB0B3D009D470B /* View */,
				231D304524DB0B46009D470B /* Controller */,
				231D304724DB0B57009D470B /* Protocols */,
				231D304824DB0B5F009D470B /* Extensions */,
				231D304624DB0B4F009D470B /* Resources */,
			);
			path = TacoPOP;
			sourceTree = "<group>";
		};
		231D304324DB0B32009D470B /* Model */ = {
			isa = PBXGroup;
			children = (
				231D304F24DB10D4009D470B /* Taco.swift */,
				231D305124DB143A009D470B /* DataService.swift */,
			);
			path = Model;
			sourceTree = "<group>";
		};
		231D304424DB0B3D009D470B /* View */ = {
			isa = PBXGroup;
			children = (
				231D303A24DB0AC5009D470B /* LaunchScreen.storyboard */,
				231D303524DB0AC1009D470B /* Main.storyboard */,
				231D304D24DB0E68009D470B /* HeaderView.swift */,
				231D305324DB1723009D470B /* TacoCell.swift */,
				231D305424DB1723009D470B /* TacoCell.xib */,
			);
			path = View;
			sourceTree = "<group>";
		};
		231D304524DB0B46009D470B /* Controller */ = {
			isa = PBXGroup;
			children = (
				231D304924DB0BEC009D470B /* MainVC.swift */,
				231D302F24DB0AC1009D470B /* AppDelegate.swift */,
				231D303124DB0AC1009D470B /* SceneDelegate.swift */,
			);
			path = Controller;
			sourceTree = "<group>";
		};
		231D304624DB0B4F009D470B /* Resources */ = {
			isa = PBXGroup;
			children = (
				231D303D24DB0AC5009D470B /* Info.plist */,
				231D303824DB0AC5009D470B /* Assets.xcassets */,
			);
			path = Resources;
			sourceTree = "<group>";
		};
		231D304724DB0B57009D470B /* Protocols */ = {
			isa = PBXGroup;
			children = (
				231D304B24DB0DA0009D470B /* DropShadow.swift */,
				231D305724DB24FA009D470B /* ReuseableView.swift */,
				231D305924DB25C5009D470B /* NibLoadableView.swift */,
				231D305F24DB2F4E009D470B /* Shakable.swift */,
			);
			path = Protocols;
			sourceTree = "<group>";
		};
		231D304824DB0B5F009D470B /* Extensions */ = {
			isa = PBXGroup;
			children = (
				231D305B24DB2756009D470B /* UICollectionViewExt.swift */,
				231D305D24DB2C54009D470B /* MutableCollectionExt.swift */,
			);
			path = Extensions;
			sourceTree = "<group>";
		};
/* End PBXGroup section */

/* Begin PBXNativeTarget section */
		231D302B24DB0AC1009D470B /* TacoPOP */ = {
			isa = PBXNativeTarget;
			buildConfigurationList = 231D304024DB0AC5009D470B /* Build configuration list for PBXNativeTarget "TacoPOP" */;
			buildPhases = (
				231D302824DB0AC1009D470B /* Sources */,
				231D302924DB0AC1009D470B /* Frameworks */,
				231D302A24DB0AC1009D470B /* Resources */,
			);
			buildRules = (
			);
			dependencies = (
			);
			name = TacoPOP;
			productName = TacoPOP;
			productReference = 231D302C24DB0AC1009D470B /* TacoPOP.app */;
			productType = "com.apple.product-type.application";
		};
/* End PBXNativeTarget section */

/* Begin PBXProject section */
		231D302424DB0AC1009D470B /* Project object */ = {
			isa = PBXProject;
			attributes = {
				LastSwiftUpdateCheck = 1150;
				LastUpgradeCheck = 1150;
				ORGANIZATIONNAME = "Biswapratik Maharana";
				TargetAttributes = {
					231D302B24DB0AC1009D470B = {
						CreatedOnToolsVersion = 11.5;
					};
				};
			};
			buildConfigurationList = 231D302724DB0AC1009D470B /* Build configuration list for PBXProject "TacoPOP" */;
			compatibilityVersion = "Xcode 9.3";
			developmentRegion = en;
			hasScannedForEncodings = 0;
			knownRegions = (
				en,
				Base,
			);
			mainGroup = 231D302324DB0AC1009D470B;
			productRefGroup = 231D302D24DB0AC1009D470B /* Products */;
			projectDirPath = "";
			projectRoot = "";
			targets = (
				231D302B24DB0AC1009D470B /* TacoPOP */,
			);
		};
/* End PBXProject section */

/* Begin PBXResourcesBuildPhase section */
		231D302A24DB0AC1009D470B /* Resources */ = {
			isa = PBXResourcesBuildPhase;
			buildActionMask = 2147483647;
			files = (
				231D305624DB1723009D470B /* TacoCell.xib in Resources */,
				231D303C24DB0AC5009D470B /* LaunchScreen.storyboard in Resources */,
				231D303924DB0AC5009D470B /* Assets.xcassets in Resources */,
				231D303724DB0AC1009D470B /* Main.storyboard in Resources */,
			);
			runOnlyForDeploymentPostprocessing = 0;
		};
/* End PBXResourcesBuildPhase section */

/* Begin PBXSourcesBuildPhase section */
		231D302824DB0AC1009D470B /* Sources */ = {
			isa = PBXSourcesBuildPhase;
			buildActionMask = 2147483647;
			files = (
				231D305524DB1723009D470B /* TacoCell.swift in Sources */,
				231D304E24DB0E68009D470B /* HeaderView.swift in Sources */,
				231D305224DB143A009D470B /* DataService.swift in Sources */,
				231D303024DB0AC1009D470B /* AppDelegate.swift in Sources */,
				231D305024DB10D4009D470B /* Taco.swift in Sources */,
				231D304A24DB0BEC009D470B /* MainVC.swift in Sources */,
				231D305A24DB25C5009D470B /* NibLoadableView.swift in Sources */,
				231D304C24DB0DA0009D470B /* DropShadow.swift in Sources */,
				231D306024DB2F4E009D470B /* Shakable.swift in Sources */,
				231D305E24DB2C54009D470B /* MutableCollectionExt.swift in Sources */,
				231D305824DB24FA009D470B /* ReuseableView.swift in Sources */,
				231D305C24DB2756009D470B /* UICollectionViewExt.swift in Sources */,
				231D303224DB0AC1009D470B /* SceneDelegate.swift in Sources */,
			);
			runOnlyForDeploymentPostprocessing = 0;
		};
/* End PBXSourcesBuildPhase section */

/* Begin PBXVariantGroup section */
		231D303524DB0AC1009D470B /* Main.storyboard */ = {
			isa = PBXVariantGroup;
			children = (
				231D303624DB0AC1009D470B /* Base */,
			);
			name = Main.storyboard;
			sourceTree = "<group>";
		};
		231D303A24DB0AC5009D470B /* LaunchScreen.storyboard */ = {
			isa = PBXVariantGroup;
			children = (
				231D303B24DB0AC5009D470B /* Base */,
			);
			name = LaunchScreen.storyboard;
			sourceTree = "<group>";
		};
/* End PBXVariantGroup section */

/* Begin XCBuildConfiguration section */
		231D303E24DB0AC5009D470B /* Debug */ = {
			isa = XCBuildConfiguration;
			buildSettings = {
				ALWAYS_SEARCH_USER_PATHS = NO;
				CLANG_ANALYZER_NONNULL = YES;
				CLANG_ANALYZER_NUMBER_OBJECT_CONVERSION = YES_AGGRESSIVE;
				CLANG_CXX_LANGUAGE_STANDARD = "gnu++14";
				CLANG_CXX_LIBRARY = "libc++";
				CLANG_ENABLE_MODULES = YES;
				CLANG_ENABLE_OBJC_ARC = YES;
				CLANG_ENABLE_OBJC_WEAK = YES;
				CLANG_WARN_BLOCK_CAPTURE_AUTORELEASING = YES;
				CLANG_WARN_BOOL_CONVERSION = YES;
				CLANG_WARN_COMMA = YES;
				CLANG_WARN_CONSTANT_CONVERSION = YES;
				CLANG_WARN_DEPRECATED_OBJC_IMPLEMENTATIONS = YES;
				CLANG_WARN_DIRECT_OBJC_ISA_USAGE = YES_ERROR;
				CLANG_WARN_DOCUMENTATION_COMMENTS = YES;
				CLANG_WARN_EMPTY_BODY = YES;
				CLANG_WARN_ENUM_CONVERSION = YES;
				CLANG_WARN_INFINITE_RECURSION = YES;
				CLANG_WARN_INT_CONVERSION = YES;
				CLANG_WARN_NON_LITERAL_NULL_CONVERSION = YES;
				CLANG_WARN_OBJC_IMPLICIT_RETAIN_SELF = YES;
				CLANG_WARN_OBJC_LITERAL_CONVERSION = YES;
				CLANG_WARN_OBJC_ROOT_CLASS = YES_ERROR;
				CLANG_WARN_RANGE_LOOP_ANALYSIS = YES;
				CLANG_WARN_STRICT_PROTOTYPES = YES;
				CLANG_WARN_SUSPICIOUS_MOVE = YES;
				CLANG_WARN_UNGUARDED_AVAILABILITY = YES_AGGRESSIVE;
				CLANG_WARN_UNREACHABLE_CODE = YES;
				CLANG_WARN__DUPLICATE_METHOD_MATCH = YES;
				COPY_PHASE_STRIP = NO;
				DEBUG_INFORMATION_FORMAT = dwarf;
				ENABLE_STRICT_OBJC_MSGSEND = YES;
				ENABLE_TESTABILITY = YES;
				GCC_C_LANGUAGE_STANDARD = gnu11;
				GCC_DYNAMIC_NO_PIC = NO;
				GCC_NO_COMMON_BLOCKS = YES;
				GCC_OPTIMIZATION_LEVEL = 0;
				GCC_PREPROCESSOR_DEFINITIONS = (
					"DEBUG=1",
					"$(inherited)",
				);
				GCC_WARN_64_TO_32_BIT_CONVERSION = YES;
				GCC_WARN_ABOUT_RETURN_TYPE = YES_ERROR;
				GCC_WARN_UNDECLARED_SELECTOR = YES;
				GCC_WARN_UNINITIALIZED_AUTOS = YES_AGGRESSIVE;
				GCC_WARN_UNUSED_FUNCTION = YES;
				GCC_WARN_UNUSED_VARIABLE = YES;
				IPHONEOS_DEPLOYMENT_TARGET = 13.5;
				MTL_ENABLE_DEBUG_INFO = INCLUDE_SOURCE;
				MTL_FAST_MATH = YES;
				ONLY_ACTIVE_ARCH = YES;
				SDKROOT = iphoneos;
				SWIFT_ACTIVE_COMPILATION_CONDITIONS = DEBUG;
				SWIFT_OPTIMIZATION_LEVEL = "-Onone";
			};
			name = Debug;
		};
		231D303F24DB0AC5009D470B /* Release */ = {
			isa = XCBuildConfiguration;
			buildSettings = {
				ALWAYS_SEARCH_USER_PATHS = NO;
				CLANG_ANALYZER_NONNULL = YES;
				CLANG_ANALYZER_NUMBER_OBJECT_CONVERSION = YES_AGGRESSIVE;
				CLANG_CXX_LANGUAGE_STANDARD = "gnu++14";
				CLANG_CXX_LIBRARY = "libc++";
				CLANG_ENABLE_MODULES = YES;
				CLANG_ENABLE_OBJC_ARC = YES;
				CLANG_ENABLE_OBJC_WEAK = YES;
				CLANG_WARN_BLOCK_CAPTURE_AUTORELEASING = YES;
				CLANG_WARN_BOOL_CONVERSION = YES;
				CLANG_WARN_COMMA = YES;
				CLANG_WARN_CONSTANT_CONVERSION = YES;
				CLANG_WARN_DEPRECATED_OBJC_IMPLEMENTATIONS = YES;
				CLANG_WARN_DIRECT_OBJC_ISA_USAGE = YES_ERROR;
				CLANG_WARN_DOCUMENTATION_COMMENTS = YES;
				CLANG_WARN_EMPTY_BODY = YES;
				CLANG_WARN_ENUM_CONVERSION = YES;
				CLANG_WARN_INFINITE_RECURSION = YES;
				CLANG_WARN_INT_CONVERSION = YES;
				CLANG_WARN_NON_LITERAL_NULL_CONVERSION = YES;
				CLANG_WARN_OBJC_IMPLICIT_RETAIN_SELF = YES;
				CLANG_WARN_OBJC_LITERAL_CONVERSION = YES;
				CLANG_WARN_OBJC_ROOT_CLASS = YES_ERROR;
				CLANG_WARN_RANGE_LOOP_ANALYSIS = YES;
				CLANG_WARN_STRICT_PROTOTYPES = YES;
				CLANG_WARN_SUSPICIOUS_MOVE = YES;
				CLANG_WARN_UNGUARDED_AVAILABILITY = YES_AGGRESSIVE;
				CLANG_WARN_UNREACHABLE_CODE = YES;
				CLANG_WARN__DUPLICATE_METHOD_MATCH = YES;
				COPY_PHASE_STRIP = NO;
				DEBUG_INFORMATION_FORMAT = "dwarf-with-dsym";
				ENABLE_NS_ASSERTIONS = NO;
				ENABLE_STRICT_OBJC_MSGSEND = YES;
				GCC_C_LANGUAGE_STANDARD = gnu11;
				GCC_NO_COMMON_BLOCKS = YES;
				GCC_WARN_64_TO_32_BIT_CONVERSION = YES;
				GCC_WARN_ABOUT_RETURN_TYPE = YES_ERROR;
				GCC_WARN_UNDECLARED_SELECTOR = YES;
				GCC_WARN_UNINITIALIZED_AUTOS = YES_AGGRESSIVE;
				GCC_WARN_UNUSED_FUNCTION = YES;
				GCC_WARN_UNUSED_VARIABLE = YES;
				IPHONEOS_DEPLOYMENT_TARGET = 13.5;
				MTL_ENABLE_DEBUG_INFO = NO;
				MTL_FAST_MATH = YES;
				SDKROOT = iphoneos;
				SWIFT_COMPILATION_MODE = wholemodule;
				SWIFT_OPTIMIZATION_LEVEL = "-O";
				VALIDATE_PRODUCT = YES;
			};
			name = Release;
		};
		231D304124DB0AC5009D470B /* Debug */ = {
			isa = XCBuildConfiguration;
			buildSettings = {
				ASSETCATALOG_COMPILER_APPICON_NAME = AppIcon;
				CODE_SIGN_STYLE = Automatic;
				DEVELOPMENT_TEAM = A668D2FWJN;
				INFOPLIST_FILE = TacoPOP/Resources/Info.plist;
				LD_RUNPATH_SEARCH_PATHS = (
					"$(inherited)",
					"@executable_path/Frameworks",
				);
				PRODUCT_BUNDLE_IDENTIFIER = home.TacoPOP;
				PRODUCT_NAME = "$(TARGET_NAME)";
				SWIFT_VERSION = 5.0;
				TARGETED_DEVICE_FAMILY = "1,2";
			};
			name = Debug;
		};
		231D304224DB0AC5009D470B /* Release */ = {
			isa = XCBuildConfiguration;
			buildSettings = {
				ASSETCATALOG_COMPILER_APPICON_NAME = AppIcon;
				CODE_SIGN_STYLE = Automatic;
				DEVELOPMENT_TEAM = A668D2FWJN;
				INFOPLIST_FILE = TacoPOP/Resources/Info.plist;
				LD_RUNPATH_SEARCH_PATHS = (
					"$(inherited)",
					"@executable_path/Frameworks",
				);
				PRODUCT_BUNDLE_IDENTIFIER = home.TacoPOP;
				PRODUCT_NAME = "$(TARGET_NAME)";
				SWIFT_VERSION = 5.0;
				TARGETED_DEVICE_FAMILY = "1,2";
			};
			name = Release;
		};
/* End XCBuildConfiguration section */

/* Begin XCConfigurationList section */
		231D302724DB0AC1009D470B /* Build configuration list for PBXProject "TacoPOP" */ = {
			isa = XCConfigurationList;
			buildConfigurations = (
				231D303E24DB0AC5009D470B /* Debug */,
				231D303F24DB0AC5009D470B /* Release */,
			);
			defaultConfigurationIsVisible = 0;
			defaultConfigurationName = Release;
		};
		231D304024DB0AC5009D470B /* Build configuration list for PBXNativeTarget "TacoPOP" */ = {
			isa = XCConfigurationList;
			buildConfigurations = (
				231D304124DB0AC5009D470B /* Debug */,
				231D304224DB0AC5009D470B /* Release */,
			);
			defaultConfigurationIsVisible = 0;
			defaultConfigurationName = Release;
		};
/* End XCConfigurationList section */
	};
	rootObject = 231D302424DB0AC1009D470B /* Project object */;
}
